
Microsoft Visual Studio Solution File, Format Version 12.00
# Visual Studio Version 17
VisualStudioVersion = 17.0.31903.59
MinimumVisualStudioVersion = 10.0.40219.1
Project("{FAE04EC0-301F-11D3-BF4B-00C04F79EFBC}") = "ClassificationOfIrisFlower", "ClassificationOfIrisFlower\ClassificationOfIrisFlower.csproj", "{1489860E-DD4E-4E9C-880D-1D76B5D02874}"
EndProject
Global
	GlobalSection(SolutionConfigurationPlatforms) = preSolution
		Debug|Any CPU = Debug|Any CPU
		Release|Any CPU = Release|Any CPU
	EndGlobalSection
	GlobalSection(ProjectConfigurationPlatforms) = postSolution
		{1489860E-DD4E-4E9C-880D-1D76B5D02874}.Debug|Any CPU.ActiveCfg = Debug|Any CPU
		{1489860E-DD4E-4E9C-880D-1D76B5D02874}.Debug|Any CPU.Build.0 = Debug|Any CPU
		{1489860E-DD4E-4E9C-880D-1D76B5D02874}.Release|Any CPU.ActiveCfg = Release|Any CPU
		{1489860E-DD4E-4E9C-880D-1D76B5D02874}.Release|Any CPU.Build.0 = Release|Any CPU
	EndGlobalSection
	GlobalSection(SolutionProperties) = preSolution
		HideSolutionNode = FALSE
	EndGlobalSection
	GlobalSection(ExtensibilityGlobals) = postSolution
		SolutionGuid = {957C56D0-E9BE-45CB-832D-7D3CA8172196}
	EndGlobalSection
EndGlobal
